
Microsoft Visual Studio Solution File, Format Version 12.00
# Visual Studio Version 17
VisualStudioVersion = 17.0.31903.59
MinimumVisualStudioVersion = 10.0.40219.1
Project("{9A19103F-16F7-4668-BE54-9A1E7A4F7556}") = "Test.Nuget.Please.Dont.Use", "src\Test.Nuget.Please.Dont.Use.csproj", "{E713F3A1-267A-4C14-8F6C-4474E7CF1673}"
EndProject
Project("{9A19103F-16F7-4668-BE54-9A1E7A4F7556}") = "Test.Nuget.Please.Dont.Use.Tests", "tests\Test.Nuget.Please.Dont.Use.Tests\Test.Nuget.Please.Dont.Use.Tests.csproj", "{C64F2490-2AD3-492E-B268-093CD399D2AF}"
EndProject
Global
	GlobalSection(SolutionConfigurationPlatforms) = preSolution
		Debug|Any CPU = Debug|Any CPU
		Release|Any CPU = Release|Any CPU
	EndGlobalSection
	GlobalSection(ProjectConfigurationPlatforms) = postSolution
		{E713F3A1-267A-4C14-8F6C-4474E7CF1673}.Debug|Any CPU.ActiveCfg = Debug|Any CPU
		{E713F3A1-267A-4C14-8F6C-4474E7CF1673}.Debug|Any CPU.Build.0 = Debug|Any CPU
		{E713F3A1-267A-4C14-8F6C-4474E7CF1673}.Release|Any CPU.ActiveCfg = Release|Any CPU
		{E713F3A1-267A-4C14-8F6C-4474E7CF1673}.Release|Any CPU.Build.0 = Release|Any CPU
		{C64F2490-2AD3-492E-B268-093CD399D2AF}.Debug|Any CPU.ActiveCfg = Debug|Any CPU
		{C64F2490-2AD3-492E-B268-093CD399D2AF}.Debug|Any CPU.Build.0 = Debug|Any CPU
		{C64F2490-2AD3-492E-B268-093CD399D2AF}.Release|Any CPU.ActiveCfg = Release|Any CPU
		{C64F2490-2AD3-492E-B268-093CD399D2AF}.Release|Any CPU.Build.0 = Release|Any CPU
	EndGlobalSection
	GlobalSection(SolutionProperties) = preSolution
		HideSolutionNode = FALSE
	EndGlobalSection
	GlobalSection(ExtensibilityGlobals) = postSolution
		SolutionGuid = {A1CAACA6-5C59-43C0-A1CB-BB8455374775}
	EndGlobalSection
EndGlobal
